# THIS IS AN AUTOGENERATED FILE. DO NOT EDIT THIS FILE DIRECTLY.
# yarn lockfile v1


async@^1.5.2:
  version "1.5.2"
  resolved "https://registry.yarnpkg.com/async/-/async-1.5.2.tgz#ec6a61ae56480c0c3cb241c95618e20892f9672a"

jszip@^2.4.0:
  version "2.6.1"
  resolved "https://registry.yarnpkg.com/jszip/-/jszip-2.6.1.tgz#b88f3a7b2e67a2a048152982c7a3756d9c4828f0"
  dependencies:
    pako "~1.0.2"

pako@~1.0.2:
  version "1.0.5"
  resolved "https://registry.yarnpkg.com/pako/-/pako-1.0.5.tgz#d2205dfe5b9da8af797e7c163db4d1f84e4600bc"

zip-dir@^1.0.2:
  version "1.0.2"
  resolved "https://registry.yarnpkg.com/zip-dir/-/zip-dir-1.0.2.tgz#253f907aead62a21acd8721d8b88032b2411c051"
  dependencies:
    async "^1.5.2"
    jszip "^2.4.0"
